
Microsoft Visual Studio Solution File, Format Version 12.00
# Visual Studio 15
VisualStudioVersion = 15.0.28307.1062
MinimumVisualStudioVersion = 10.0.40219.1
Project("{FAE04EC0-301F-11D3-BF4B-00C04F79EFBC}") = "FirstFormApplication", "FirstFormApplication\FirstFormApplication.csproj", "{C41967DF-43D1-4F3B-8CC5-5C4A585E2CB8}"
EndProject
Global
	GlobalSection(SolutionConfigurationPlatforms) = preSolution
		Debug|Any CPU = Debug|Any CPU
		Release|Any CPU = Release|Any CPU
	EndGlobalSection
	GlobalSection(ProjectConfigurationPlatforms) = postSolution
		{C41967DF-43D1-4F3B-8CC5-5C4A585E2CB8}.Debug|Any CPU.ActiveCfg = Debug|Any CPU
		{C41967DF-43D1-4F3B-8CC5-5C4A585E2CB8}.Debug|Any CPU.Build.0 = Debug|Any CPU
		{C41967DF-43D1-4F3B-8CC5-5C4A585E2CB8}.Release|Any CPU.ActiveCfg = Release|Any CPU
		{C41967DF-43D1-4F3B-8CC5-5C4A585E2CB8}.Release|Any CPU.Build.0 = Release|Any CPU
	EndGlobalSection
	GlobalSection(SolutionProperties) = preSolution
		HideSolutionNode = FALSE
	EndGlobalSection
	GlobalSection(ExtensibilityGlobals) = postSolution
		SolutionGuid = {83C4B856-B1C4-430A-BFDB-F21E90C87DF5}
	EndGlobalSection
EndGlobal
